
Microsoft Visual Studio Solution File, Format Version 12.00
# Visual Studio Version 17
VisualStudioVersion = 17.6.33723.286
MinimumVisualStudioVersion = 10.0.40219.1
Project("{FAE04EC0-301F-11D3-BF4B-00C04F79EFBC}") = "Asp.Net_MVC", "Asp.Net_MVC\Asp.Net_MVC.csproj", "{DCCAEB07-F5AD-45C4-BE0F-392580FED841}"
EndProject
Global
	GlobalSection(SolutionConfigurationPlatforms) = preSolution
		Debug|Any CPU = Debug|Any CPU
		Release|Any CPU = Release|Any CPU
	EndGlobalSection
	GlobalSection(ProjectConfigurationPlatforms) = postSolution
		{DCCAEB07-F5AD-45C4-BE0F-392580FED841}.Debug|Any CPU.ActiveCfg = Debug|Any CPU
		{DCCAEB07-F5AD-45C4-BE0F-392580FED841}.Debug|Any CPU.Build.0 = Debug|Any CPU
		{DCCAEB07-F5AD-45C4-BE0F-392580FED841}.Release|Any CPU.ActiveCfg = Release|Any CPU
		{DCCAEB07-F5AD-45C4-BE0F-392580FED841}.Release|Any CPU.Build.0 = Release|Any CPU
	EndGlobalSection
	GlobalSection(SolutionProperties) = preSolution
		HideSolutionNode = FALSE
	EndGlobalSection
	GlobalSection(ExtensibilityGlobals) = postSolution
		SolutionGuid = {6C693B1C-DCB9-4C87-BFD9-0E02192A2550}
	EndGlobalSection
EndGlobal
